
Microsoft Visual Studio Solution File, Format Version 12.00
# Visual Studio Version 16
VisualStudioVersion = 16.0.30907.101
MinimumVisualStudioVersion = 10.0.40219.1
Project("{FAE04EC0-301F-11D3-BF4B-00C04F79EFBC}") = "MySoftCorporation.Services", "MySoftCorporation.Services\MySoftCorporation.Services.csproj", "{2BF32E57-741B-4845-9C3C-D5938137D302}"
EndProject
Project("{FAE04EC0-301F-11D3-BF4B-00C04F79EFBC}") = "MySoftCorporation", "MySoftCorporation.csproj", "{83698EA4-CCDF-445A-AFAE-B6378EDDD470}"
EndProject
Project("{FAE04EC0-301F-11D3-BF4B-00C04F79EFBC}") = "MySoftCorporation.Data.Entities", "MySoftCorporation.Data.Entities\MySoftCorporation.Data.Entities.csproj", "{2566075D-4C75-431C-9F7C-0959F106A23C}"
EndProject
Global
	GlobalSection(SolutionConfigurationPlatforms) = preSolution
		Debug|Any CPU = Debug|Any CPU
		Release|Any CPU = Release|Any CPU
	EndGlobalSection
	GlobalSection(ProjectConfigurationPlatforms) = postSolution
		{2BF32E57-741B-4845-9C3C-D5938137D302}.Debug|Any CPU.ActiveCfg = Debug|Any CPU
		{2BF32E57-741B-4845-9C3C-D5938137D302}.Debug|Any CPU.Build.0 = Debug|Any CPU
		{2BF32E57-741B-4845-9C3C-D5938137D302}.Release|Any CPU.ActiveCfg = Release|Any CPU
		{2BF32E57-741B-4845-9C3C-D5938137D302}.Release|Any CPU.Build.0 = Release|Any CPU
		{83698EA4-CCDF-445A-AFAE-B6378EDDD470}.Debug|Any CPU.ActiveCfg = Debug|Any CPU
		{83698EA4-CCDF-445A-AFAE-B6378EDDD470}.Debug|Any CPU.Build.0 = Debug|Any CPU
		{83698EA4-CCDF-445A-AFAE-B6378EDDD470}.Release|Any CPU.ActiveCfg = Release|Any CPU
		{83698EA4-CCDF-445A-AFAE-B6378EDDD470}.Release|Any CPU.Build.0 = Release|Any CPU
		{2566075D-4C75-431C-9F7C-0959F106A23C}.Debug|Any CPU.ActiveCfg = Debug|Any CPU
		{2566075D-4C75-431C-9F7C-0959F106A23C}.Debug|Any CPU.Build.0 = Debug|Any CPU
		{2566075D-4C75-431C-9F7C-0959F106A23C}.Release|Any CPU.ActiveCfg = Release|Any CPU
		{2566075D-4C75-431C-9F7C-0959F106A23C}.Release|Any CPU.Build.0 = Release|Any CPU
	EndGlobalSection
	GlobalSection(SolutionProperties) = preSolution
		HideSolutionNode = FALSE
	EndGlobalSection
	GlobalSection(ExtensibilityGlobals) = postSolution
		SolutionGuid = {AA588D90-D259-4031-BE45-D3D88C29E5B9}
	EndGlobalSection
EndGlobal
